
Microsoft Visual Studio Solution File, Format Version 12.00
# Visual Studio Version 17
VisualStudioVersion = 17.5.33516.290
MinimumVisualStudioVersion = 10.0.40219.1
Project("{FAE04EC0-301F-11D3-BF4B-00C04F79EFBC}") = "StudentInformationSystem", "StudentInformationSystem\StudentInformationSystem.csproj", "{D399C95F-A5A3-49F6-9996-53A86E78ABDC}"
EndProject
Global
	GlobalSection(SolutionConfigurationPlatforms) = preSolution
		Debug|Any CPU = Debug|Any CPU
		Release|Any CPU = Release|Any CPU
	EndGlobalSection
	GlobalSection(ProjectConfigurationPlatforms) = postSolution
		{D399C95F-A5A3-49F6-9996-53A86E78ABDC}.Debug|Any CPU.ActiveCfg = Debug|Any CPU
		{D399C95F-A5A3-49F6-9996-53A86E78ABDC}.Debug|Any CPU.Build.0 = Debug|Any CPU
		{D399C95F-A5A3-49F6-9996-53A86E78ABDC}.Release|Any CPU.ActiveCfg = Release|Any CPU
		{D399C95F-A5A3-49F6-9996-53A86E78ABDC}.Release|Any CPU.Build.0 = Release|Any CPU
	EndGlobalSection
	GlobalSection(SolutionProperties) = preSolution
		HideSolutionNode = FALSE
	EndGlobalSection
	GlobalSection(ExtensibilityGlobals) = postSolution
		SolutionGuid = {BBF33C74-596B-4C0F-8870-AB0568EBE9B3}
	EndGlobalSection
EndGlobal
